
Microsoft Visual Studio Solution File, Format Version 12.00
# Visual Studio 2012
Project("{F184B08F-C81C-45F6-A57F-5ABD9991F28F}") = "WindowsApplication2", "WindowsApplication2\WindowsApplication2.vbproj", "{A2B38C8D-D74C-4A1D-BD3C-280D6EE53727}"
EndProject
Global
	GlobalSection(SolutionConfigurationPlatforms) = preSolution
		Debug|Any CPU = Debug|Any CPU
		Release|Any CPU = Release|Any CPU
	EndGlobalSection
	GlobalSection(ProjectConfigurationPlatforms) = postSolution
		{A2B38C8D-D74C-4A1D-BD3C-280D6EE53727}.Debug|Any CPU.ActiveCfg = Debug|Any CPU
		{A2B38C8D-D74C-4A1D-BD3C-280D6EE53727}.Debug|Any CPU.Build.0 = Debug|Any CPU
		{A2B38C8D-D74C-4A1D-BD3C-280D6EE53727}.Release|Any CPU.ActiveCfg = Release|Any CPU
		{A2B38C8D-D74C-4A1D-BD3C-280D6EE53727}.Release|Any CPU.Build.0 = Release|Any CPU
	EndGlobalSection
	GlobalSection(SolutionProperties) = preSolution
		HideSolutionNode = FALSE
	EndGlobalSection
EndGlobal
